
Microsoft Visual Studio Solution File, Format Version 12.00
# Visual Studio Version 16
VisualStudioVersion = 16.0.31005.135
MinimumVisualStudioVersion = 10.0.40219.1
Project("{FAE04EC0-301F-11D3-BF4B-00C04F79EFBC}") = "OOP-lab1", "OOP-lab1.csproj", "{1821A1B4-3252-4FE5-B408-17F9B3129AA1}"
EndProject
Global
	GlobalSection(SolutionConfigurationPlatforms) = preSolution
		Debug|Any CPU = Debug|Any CPU
		Release|Any CPU = Release|Any CPU
	EndGlobalSection
	GlobalSection(ProjectConfigurationPlatforms) = postSolution
		{1821A1B4-3252-4FE5-B408-17F9B3129AA1}.Debug|Any CPU.ActiveCfg = Debug|Any CPU
		{1821A1B4-3252-4FE5-B408-17F9B3129AA1}.Debug|Any CPU.Build.0 = Debug|Any CPU
		{1821A1B4-3252-4FE5-B408-17F9B3129AA1}.Release|Any CPU.ActiveCfg = Release|Any CPU
		{1821A1B4-3252-4FE5-B408-17F9B3129AA1}.Release|Any CPU.Build.0 = Release|Any CPU
	EndGlobalSection
	GlobalSection(SolutionProperties) = preSolution
		HideSolutionNode = FALSE
	EndGlobalSection
	GlobalSection(ExtensibilityGlobals) = postSolution
		SolutionGuid = {776C9BD6-750A-4A89-B53E-BEB811F0136D}
	EndGlobalSection
EndGlobal
